
Microsoft Visual Studio Solution File, Format Version 12.00
# Visual Studio Version 17
VisualStudioVersion = 17.7.34024.191
MinimumVisualStudioVersion = 10.0.40219.1
Project("{FAE04EC0-301F-11D3-BF4B-00C04F79EFBC}") = "WinFormsApp1", "WinFormsApp1.csproj", "{7BB6CF87-E7C3-4F5D-9315-2F4ED6B5969A}"
EndProject
Global
	GlobalSection(SolutionConfigurationPlatforms) = preSolution
		Debug|Any CPU = Debug|Any CPU
		Release|Any CPU = Release|Any CPU
	EndGlobalSection
	GlobalSection(ProjectConfigurationPlatforms) = postSolution
		{7BB6CF87-E7C3-4F5D-9315-2F4ED6B5969A}.Debug|Any CPU.ActiveCfg = Debug|Any CPU
		{7BB6CF87-E7C3-4F5D-9315-2F4ED6B5969A}.Debug|Any CPU.Build.0 = Debug|Any CPU
		{7BB6CF87-E7C3-4F5D-9315-2F4ED6B5969A}.Release|Any CPU.ActiveCfg = Release|Any CPU
		{7BB6CF87-E7C3-4F5D-9315-2F4ED6B5969A}.Release|Any CPU.Build.0 = Release|Any CPU
	EndGlobalSection
	GlobalSection(SolutionProperties) = preSolution
		HideSolutionNode = FALSE
	EndGlobalSection
	GlobalSection(ExtensibilityGlobals) = postSolution
		SolutionGuid = {0CC6DE1F-38DC-425D-8AE4-D6149E80812C}
	EndGlobalSection
EndGlobal
